<?xml version="1.0" encoding="utf-8"?>
<Project ToolsVersion="4.0" xmlns="http://schemas.microsoft.com/developer/msbuild/2003">
  <ItemGroup>
    <Filter Include="Source Files">
      <UniqueIdentifier>{4FC737F1-C7A5-4376-A066-2A32D752A2FF}</UniqueIdentifier>
      <Extensions>cpp;c;cc;cxx;c++;cppm;ixx;def;odl;idl;hpj;bat;asm;asmx</Extensions>
    </Filter>
    <Filter Include="Header Files">
      <UniqueIdentifier>{93995380-89BD-4b04-88EB-625FBE52EBFB}</UniqueIdentifier>
      <Extensions>h;hh;hpp;hxx;h++;hm;inl;inc;ipp;xsd</Extensions>
    </Filter>
    <Filter Include="Resource Files">
      <UniqueIdentifier>{67DA6AB6-F800-4c08-8B7A-83BB121AAD01}</UniqueIdentifier>
      <Extensions>rc;ico;cur;bmp;dlg;rc2;rct;bin;rgs;gif;jpg;jpeg;jpe;resx;tiff;tif;png;wav;mfcribbon-ms</Extensions>
    </Filter>
  </ItemGroup>
  <ItemGroup>
    <ClCompile Include="src\Main.cpp">
      <Filter>Source Files</Filter>
    </ClCompile>
    <ClCompile Include="src\Eggmem\HookManager\HookManager.cpp">
      <Filter>Source Files</Filter>
    </ClCompile>
    <ClCompile Include="src\Eggmem\HookManager\Hooks\Trampoline\Trampoline.cpp">
      <Filter>Source Files</Filter>
    </ClCompile>
    <ClCompile Include="src\Eggmem\HookManager\Hooks\Hook.cpp">
      <Filter>Source Files</Filter>
    </ClCompile>
    <ClCompile Include="src\Eggmem\HookManager\Hooks\VEH\VEH.cpp">
      <Filter>Source Files</Filter>
    </ClCompile>
    <ClCompile Include="src\Eggmem\HookManager\Hooks\VTable\VTable.cpp">
      <Filter>Source Files</Filter>
    </ClCompile>
    <ClCompile Include="src\Eggmem\Eggmem.cpp">
      <Filter>Source Files</Filter>
    </ClCompile>
    <ClCompile Include="src\Eggmem\base\Internal\Internal.cpp">
      <Filter>Source Files</Filter>
    </ClCompile>
    <ClCompile Include="src\Eggmem\base\External\External.cpp">
      <Filter>Source Files</Filter>
    </ClCompile>
    <ClCompile Include="src\Eggmem\base\Internal\Module\Export\Export.cpp">
      <Filter>Source Files</Filter>
    </ClCompile>
    <ClCompile Include="src\Eggmem\base\Internal\Module\Import\Import.cpp">
      <Filter>Source Files</Filter>
    </ClCompile>
    <ClCompile Include="src\Eggmem\base\Internal\Module\Module.cpp">
      <Filter>Source Files</Filter>
    </ClCompile>
    <ClCompile Include="src\Eggmem\base\Internal\PE\PE.cpp">
      <Filter>Source Files</Filter>
    </ClCompile>
    <ClCompile Include="src\Eggmem\base\Internal\Thread\Thread.cpp">
      <Filter>Source Files</Filter>
    </ClCompile>
    <ClCompile Include="src\Eggmem\Util\Util.cpp">
      <Filter>Source Files</Filter>
    </ClCompile>
    <ClCompile Include="src\Eggmem\Util\winapi.cpp">
      <Filter>Source Files</Filter>
    </ClCompile>
    <ClCompile Include="src\Eggmem\base\Internal\Module\Section\Section.cpp">
      <Filter>Source Files</Filter>
    </ClCompile>
    <ClCompile Include="src\Eggmem\base\Internal\Memory\Allocator\Allocator.cpp">
      <Filter>Source Files</Filter>
    </ClCompile>
    <ClCompile Include="src\Eggmem\base\Internal\Memory\MemoryManager.cpp">
      <Filter>Source Files</Filter>
    </ClCompile>
  </ItemGroup>
  <ItemGroup>
    <ClInclude Include="src\Eggmem\HookManager\HookManager.h">
      <Filter>Header Files</Filter>
    </ClInclude>
    <ClInclude Include="src\Eggmem\HookManager\Hooks\Trampoline\Trampoline.h">
      <Filter>Header Files</Filter>
    </ClInclude>
    <ClInclude Include="src\Eggmem\HookManager\Hooks\Hook.h">
      <Filter>Header Files</Filter>
    </ClInclude>
    <ClInclude Include="src\Eggmem\HookManager\Hooks\VEH\VEH.h">
      <Filter>Header Files</Filter>
    </ClInclude>
    <ClInclude Include="src\Eggmem\HookManager\Hooks\VTable\VTable.h">
      <Filter>Header Files</Filter>
    </ClInclude>
    <ClInclude Include="src\Eggmem\Eggmem.h">
      <Filter>Header Files</Filter>
    </ClInclude>
    <ClInclude Include="src\Eggmem\base\Internal\Internal.h">
      <Filter>Header Files</Filter>
    </ClInclude>
    <ClInclude Include="src\Eggmem\base\External\External.h">
      <Filter>Header Files</Filter>
    </ClInclude>
    <ClInclude Include="src\Eggmem\base\Internal\Module\Import\Import.h">
      <Filter>Header Files</Filter>
    </ClInclude>
    <ClInclude Include="src\Eggmem\base\Internal\Module\Module.h">
      <Filter>Header Files</Filter>
    </ClInclude>
    <ClInclude Include="src\Eggmem\base\Internal\PE\PE.h">
      <Filter>Header Files</Filter>
    </ClInclude>
    <ClInclude Include="src\Eggmem\base\Internal\Thread\Thread.h">
      <Filter>Header Files</Filter>
    </ClInclude>
    <ClInclude Include="src\Eggmem\Util\Util.h">
      <Filter>Header Files</Filter>
    </ClInclude>
    <ClInclude Include="src\Eggmem\Util\winapi.h">
      <Filter>Header Files</Filter>
    </ClInclude>
    <ClInclude Include="src\Eggmem\Util\structs.h">
      <Filter>Header Files</Filter>
    </ClInclude>
    <ClInclude Include="src\Eggmem\base\Internal\Module\Section\Section.h">
      <Filter>Header Files</Filter>
    </ClInclude>
    <ClInclude Include="src\Eggmem\base\Internal\Module\Export\Export.h">
      <Filter>Header Files</Filter>
    </ClInclude>
    <ClInclude Include="src\Eggmem\base\Internal\Memory\Allocator\Allocator.h">
      <Filter>Header Files</Filter>
    </ClInclude>
    <ClInclude Include="src\Eggmem\base\Internal\Memory\MemoryManager.h">
      <Filter>Header Files</Filter>
    </ClInclude>
  </ItemGroup>
</Project>